
Microsoft Visual Studio Solution File, Format Version 12.00
# Visual Studio 15
Project("{FAE04EC0-301F-11D3-BF4B-00C04F79EFBC}") = "Assembly-CSharp", "Assembly-CSharp.csproj", "{2FB1BC70-5545-DBD1-5FAA-279C6ED9F700}"
EndProject
Project("{FAE04EC0-301F-11D3-BF4B-00C04F79EFBC}") = "Assembly-CSharp-Editor", "Assembly-CSharp-Editor.csproj", "{096D323C-3D97-6419-0756-5590E0D0D707}"
EndProject
Global
	GlobalSection(SolutionConfigurationPlatforms) = preSolution
		Debug|Any CPU = Debug|Any CPU
		Release|Any CPU = Release|Any CPU
	EndGlobalSection
	GlobalSection(ProjectConfigurationPlatforms) = postSolution
		{2FB1BC70-5545-DBD1-5FAA-279C6ED9F700}.Debug|Any CPU.ActiveCfg = Debug|Any CPU
		{2FB1BC70-5545-DBD1-5FAA-279C6ED9F700}.Debug|Any CPU.Build.0 = Debug|Any CPU
		{2FB1BC70-5545-DBD1-5FAA-279C6ED9F700}.Release|Any CPU.ActiveCfg = Release|Any CPU
		{2FB1BC70-5545-DBD1-5FAA-279C6ED9F700}.Release|Any CPU.Build.0 = Release|Any CPU
		{096D323C-3D97-6419-0756-5590E0D0D707}.Debug|Any CPU.ActiveCfg = Debug|Any CPU
		{096D323C-3D97-6419-0756-5590E0D0D707}.Debug|Any CPU.Build.0 = Debug|Any CPU
		{096D323C-3D97-6419-0756-5590E0D0D707}.Release|Any CPU.ActiveCfg = Release|Any CPU
		{096D323C-3D97-6419-0756-5590E0D0D707}.Release|Any CPU.Build.0 = Release|Any CPU
	EndGlobalSection
	GlobalSection(SolutionProperties) = preSolution
		HideSolutionNode = FALSE
	EndGlobalSection
EndGlobal
